# This file is automatically @generated by Poetry and should not be changed by hand.

[[package]]
name = "fortunes-freebsd-classic"
version = "2021.8.7"
description = "Classical fortune data files from FreeBSD"
category = "main"
optional = false
python-versions = ">=3.0"
files = [
    {file = "fortunes-freebsd-classic-2021.8.7.tar.gz", hash = "sha256:44aa18b559750f4cf1c649dc7d3636815e6b8ef868ef14433f3440fcc0019da9"},
    {file = "fortunes_freebsd_classic-2021.8.7-py3-none-any.whl", hash = "sha256:5ec26c22254debcd558125055791acde18626f830a53fcac9d59098eab63e0b0"},
]

[[package]]
name = "lfortune"
version = "0.3.2"
description = "Good old fortunes!"
category = "main"
optional = false
python-versions = "*"
files = [
    {file = "lfortune-0.3.2-py3-none-any.whl", hash = "sha256:3252ae8c9a9b79136f5374072de92048ab27c98ab123540282af9f879fb80002"},
    {file = "lfortune-0.3.2.tar.gz", hash = "sha256:61ee14fddfe72d7b14c42870d2af7c34e7b7d486ba554de54bfea68105d11790"},
]

[package.dependencies]
simple-value-object = "1.5"

[[package]]
name = "simple-value-object"
version = "1.5"
description = "A simple mixin for create Value Objects"
category = "main"
optional = false
python-versions = "*"
files = [
    {file = "simple-value-object-1.5.tar.gz", hash = "sha256:c3786db548d809ab71fb1882b033e331ea58f66e464ee899c11a30911d6f7874"},
    {file = "simple_value_object-1.5-py3-none-any.whl", hash = "sha256:0c6519158e085c3e18a9483bd5020c658c7243fe92e74c331d9b580b0d28e7d4"},
]

[metadata]
lock-version = "2.0"
python-versions = "^3.11"
content-hash = "73e1d10ad9a204f42007ee288cbdd852b3c6873616f10a432c99792a6c0d3fff"
